// !$*UTF8*$!
{
	archiveVersion = 1;
	classes = {
	};
	objectVersion = 46;
	objects = {

/* Begin PBXBuildFile section */
		B7B20F391E1637EE0030AE6E /* AppDelegate.swift in Sources */ = {isa = PBXBuildFile; fileRef = B7B20F381E1637EE0030AE6E /* AppDelegate.swift */; };
		B7B20F3B1E1637EE0030AE6E /* ViewController.swift in Sources */ = {isa = PBXBuildFile; fileRef = B7B20F3A1E1637EE0030AE6E /* ViewController.swift */; };
		B7B20F3E1E1637EE0030AE6E /* Main.storyboard in Resources */ = {isa = PBXBuildFile; fileRef = B7B20F3C1E1637EE0030AE6E /* Main.storyboard */; };
		B7B20F401E1637EE0030AE6E /* Assets.xcassets in Resources */ = {isa = PBXBuildFile; fileRef = B7B20F3F1E1637EE0030AE6E /* Assets.xcassets */; };
		B7B20F431E1637EE0030AE6E /* LaunchScreen.storyboard in Resources */ = {isa = PBXBuildFile; fileRef = B7B20F411E1637EE0030AE6E /* LaunchScreen.storyboard */; };
		B7B20F4E1E1637EE0030AE6E /* tippyTests.swift in Sources */ = {isa = PBXBuildFile; fileRef = B7B20F4D1E1637EE0030AE6E /* tippyTests.swift */; };
		B7B20F591E1637EE0030AE6E /* tippyUITests.swift in Sources */ = {isa = PBXBuildFile; fileRef = B7B20F581E1637EE0030AE6E /* tippyUITests.swift */; };
/* End PBXBuildFile section */

/* Begin PBXContainerItemProxy section */
		B7B20F4A1E1637EE0030AE6E /* PBXContainerItemProxy */ = {
			isa = PBXContainerItemProxy;
			containerPortal = B7B20F2D1E1637EE0030AE6E /* Project object */;
			proxyType = 1;
			remoteGlobalIDString = B7B20F341E1637EE0030AE6E;
			remoteInfo = tippy;
		};
		B7B20F551E1637EE0030AE6E /* PBXContainerItemProxy */ = {
			isa = PBXContainerItemProxy;
			containerPortal = B7B20F2D1E1637EE0030AE6E /* Project object */;
			proxyType = 1;
			remoteGlobalIDString = B7B20F341E1637EE0030AE6E;
			remoteInfo = tippy;
		};
/* End PBXContainerItemProxy section */

/* Begin PBXFileReference section */
		B7B20F351E1637EE0030AE6E /* tippy.app */ = {isa = PBXFileReference; explicitFileType = wrapper.application; includeInIndex = 0; path = tippy.app; sourceTree = BUILT_PRODUCTS_DIR; };
		B7B20F381E1637EE0030AE6E /* AppDelegate.swift */ = {isa = PBXFileReference; lastKnownFileType = sourcecode.swift; path = AppDelegate.swift; sourceTree = "<group>"; };
		B7B20F3A1E1637EE0030AE6E /* ViewController.swift */ = {isa = PBXFileReference; lastKnownFileType = sourcecode.swift; path = ViewController.swift; sourceTree = "<group>"; };
		B7B20F3D1E1637EE0030AE6E /* Base */ = {isa = PBXFileReference; lastKnownFileType = file.storyboard; name = Base; path = Base.lproj/Main.storyboard; sourceTree = "<group>"; };
		B7B20F3F1E1637EE0030AE6E /* Assets.xcassets */ = {isa = PBXFileReference; lastKnownFileType = folder.assetcatalog; path = Assets.xcassets; sourceTree = "<group>"; };
		B7B20F421E1637EE0030AE6E /* Base */ = {isa = PBXFileReference; lastKnownFileType = file.storyboard; name = Base; path = Base.lproj/LaunchScreen.storyboard; sourceTree = "<group>"; };
		B7B20F441E1637EE0030AE6E /* Info.plist */ = {isa = PBXFileReference; lastKnownFileType = text.plist.xml; path = Info.plist; sourceTree = "<group>"; };
		B7B20F491E1637EE0030AE6E /* tippyTests.xctest */ = {isa = PBXFileReference; explicitFileType = wrapper.cfbundle; includeInIndex = 0; path = tippyTests.xctest; sourceTree = BUILT_PRODUCTS_DIR; };
		B7B20F4D1E1637EE0030AE6E /* tippyTests.swift */ = {isa = PBXFileReference; lastKnownFileType = sourcecode.swift; path = tippyTests.swift; sourceTree = "<group>"; };
		B7B20F4F1E1637EE0030AE6E /* Info.plist */ = {isa = PBXFileReference; lastKnownFileType = text.plist.xml; path = Info.plist; sourceTree = "<group>"; };
		B7B20F541E1637EE0030AE6E /* tippyUITests.xctest */ = {isa = PBXFileReference; explicitFileType = wrapper.cfbundle; includeInIndex = 0; path = tippyUITests.xctest; sourceTree = BUILT_PRODUCTS_DIR; };
		B7B20F581E1637EE0030AE6E /* tippyUITests.swift */ = {isa = PBXFileReference; lastKnownFileType = sourcecode.swift; path = tippyUITests.swift; sourceTree = "<group>"; };
		B7B20F5A1E1637EE0030AE6E /* Info.plist */ = {isa = PBXFileReference; lastKnownFileType = text.plist.xml; path = Info.plist; sourceTree = "<group>"; };
/* End PBXFileReference section */

/* Begin PBXFrameworksBuildPhase section */
		B7B20F321E1637EE0030AE6E /* Frameworks */ = {
			isa = PBXFrameworksBuildPhase;
			buildActionMask = 2147483647;
			files = (
			);
			runOnlyForDeploymentPostprocessing = 0;
		};
		B7B20F461E1637EE0030AE6E /* Frameworks */ = {
			isa = PBXFrameworksBuildPhase;
			buildActionMask = 2147483647;
			files = (
			);
			runOnlyForDeploymentPostprocessing = 0;
		};
		B7B20F511E1637EE0030AE6E /* Frameworks */ = {
			isa = PBXFrameworksBuildPhase;
			buildActionMask = 2147483647;
			files = (
			);
			runOnlyForDeploymentPostprocessing = 0;
		};
/* End PBXFrameworksBuildPhase section */

/* Begin PBXGroup section */
		B7B20F2C1E1637EE0030AE6E = {
			isa = PBXGroup;
			children = (
				B7B20F371E1637EE0030AE6E /* tippy */,
				B7B20F4C1E1637EE0030AE6E /* tippyTests */,
				B7B20F571E1637EE0030AE6E /* tippyUITests */,
				B7B20F361E1637EE0030AE6E /* Products */,
			);
			sourceTree = "<group>";
		};
		B7B20F361E1637EE0030AE6E /* Products */ = {
			isa = PBXGroup;
			children = (
				B7B20F351E1637EE0030AE6E /* tippy.app */,
				B7B20F491E1637EE0030AE6E /* tippyTests.xctest */,
				B7B20F541E1637EE0030AE6E /* tippyUITests.xctest */,
			);
			name = Products;
			sourceTree = "<group>";
		};
		B7B20F371E1637EE0030AE6E /* tippy */ = {
			isa = PBXGroup;
			children = (
				B7B20F381E1637EE0030AE6E /* AppDelegate.swift */,
				B7B20F3A1E1637EE0030AE6E /* ViewController.swift */,
				B7B20F3C1E1637EE0030AE6E /* Main.storyboard */,
				B7B20F3F1E1637EE0030AE6E /* Assets.xcassets */,
				B7B20F411E1637EE0030AE6E /* LaunchScreen.storyboard */,
				B7B20F441E1637EE0030AE6E /* Info.plist */,
			);
			path = tippy;
			sourceTree = "<group>";
		};
		B7B20F4C1E1637EE0030AE6E /* tippyTests */ = {
			isa = PBXGroup;
			children = (
				B7B20F4D1E1637EE0030AE6E /* tippyTests.swift */,
				B7B20F4F1E1637EE0030AE6E /* Info.plist */,
			);
			path = tippyTests;
			sourceTree = "<group>";
		};
		B7B20F571E1637EE0030AE6E /* tippyUITests */ = {
			isa = PBXGroup;
			children = (
				B7B20F581E1637EE0030AE6E /* tippyUITests.swift */,
				B7B20F5A1E1637EE0030AE6E /* Info.plist */,
			);
			path = tippyUITests;
			sourceTree = "<group>";
		};
/* End PBXGroup section */

/* Begin PBXNativeTarget section */
		B7B20F341E1637EE0030AE6E /* tippy */ = {
			isa = PBXNativeTarget;
			buildConfigurationList = B7B20F5D1E1637EE0030AE6E /* Build configuration list for PBXNativeTarget "tippy" */;
			buildPhases = (
				B7B20F311E1637EE0030AE6E /* Sources */,
				B7B20F321E1637EE0030AE6E /* Frameworks */,
				B7B20F331E1637EE0030AE6E /* Resources */,
			);
			buildRules = (
			);
			dependencies = (
			);
			name = tippy;
			productName = tippy;
			productReference = B7B20F351E1637EE0030AE6E /* tippy.app */;
			productType = "com.apple.product-type.application";
		};
		B7B20F481E1637EE0030AE6E /* tippyTests */ = {
			isa = PBXNativeTarget;
			buildConfigurationList = B7B20F601E1637EE0030AE6E /* Build configuration list for PBXNativeTarget "tippyTests" */;
			buildPhases = (
				B7B20F451E1637EE0030AE6E /* Sources */,
				B7B20F461E1637EE0030AE6E /* Frameworks */,
				B7B20F471E1637EE0030AE6E /* Resources */,
			);
			buildRules = (
			);
			dependencies = (
				B7B20F4B1E1637EE0030AE6E /* PBXTargetDependency */,
			);
			name = tippyTests;
			productName = tippyTests;
			productReference = B7B20F491E1637EE0030AE6E /* tippyTests.xctest */;
			productType = "com.apple.product-type.bundle.unit-test";
		};
		B7B20F531E1637EE0030AE6E /* tippyUITests */ = {
			isa = PBXNativeTarget;
			buildConfigurationList = B7B20F631E1637EE0030AE6E /* Build configuration list for PBXNativeTarget "tippyUITests" */;
			buildPhases = (
				B7B20F501E1637EE0030AE6E /* Sources */,
				B7B20F511E1637EE0030AE6E /* Frameworks */,
				B7B20F521E1637EE0030AE6E /* Resources */,
			);
			buildRules = (
			);
			dependencies = (
				B7B20F561E1637EE0030AE6E /* PBXTargetDependency */,
			);
			name = tippyUITests;
			productName = tippyUITests;
			productReference = B7B20F541E1637EE0030AE6E /* tippyUITests.xctest */;
			productType = "com.apple.product-type.bundle.ui-testing";
		};
/* End PBXNativeTarget section */

/* Begin PBXProject section */
		B7B20F2D1E1637EE0030AE6E /* Project object */ = {
			isa = PBXProject;
			attributes = {
				LastSwiftUpdateCheck = 0730;
				LastUpgradeCheck = 0730;
				ORGANIZATIONNAME = Edison;
				TargetAttributes = {
					B7B20F341E1637EE0030AE6E = {
						CreatedOnToolsVersion = 7.3;
						DevelopmentTeam = 73WH972W8F;
					};
					B7B20F481E1637EE0030AE6E = {
						CreatedOnToolsVersion = 7.3;
						DevelopmentTeam = 73WH972W8F;
						TestTargetID = B7B20F341E1637EE0030AE6E;
					};
					B7B20F531E1637EE0030AE6E = {
						CreatedOnToolsVersion = 7.3;
						DevelopmentTeam = 73WH972W8F;
						TestTargetID = B7B20F341E1637EE0030AE6E;
					};
				};
			};
			buildConfigurationList = B7B20F301E1637EE0030AE6E /* Build configuration list for PBXProject "tippy" */;
			compatibilityVersion = "Xcode 3.2";
			developmentRegion = English;
			hasScannedForEncodings = 0;
			knownRegions = (
				en,
				Base,
			);
			mainGroup = B7B20F2C1E1637EE0030AE6E;
			productRefGroup = B7B20F361E1637EE0030AE6E /* Products */;
			projectDirPath = "";
			projectRoot = "";
			targets = (
				B7B20F341E1637EE0030AE6E /* tippy */,
				B7B20F481E1637EE0030AE6E /* tippyTests */,
				B7B20F531E1637EE0030AE6E /* tippyUITests */,
			);
		};
/* End PBXProject section */

/* Begin PBXResourcesBuildPhase section */
		B7B20F331E1637EE0030AE6E /* Resources */ = {
			isa = PBXResourcesBuildPhase;
			buildActionMask = 2147483647;
			files = (
				B7B20F431E1637EE0030AE6E /* LaunchScreen.storyboard in Resources */,
				B7B20F401E1637EE0030AE6E /* Assets.xcassets in Resources */,
				B7B20F3E1E1637EE0030AE6E /* Main.storyboard in Resources */,
			);
			runOnlyForDeploymentPostprocessing = 0;
		};
		B7B20F471E1637EE0030AE6E /* Resources */ = {
			isa = PBXResourcesBuildPhase;
			buildActionMask = 2147483647;
			files = (
			);
			runOnlyForDeploymentPostprocessing = 0;
		};
		B7B20F521E1637EE0030AE6E /* Resources */ = {
			isa = PBXResourcesBuildPhase;
			buildActionMask = 2147483647;
			files = (
			);
			runOnlyForDeploymentPostprocessing = 0;
		};
/* End PBXResourcesBuildPhase section */

/* Begin PBXSourcesBuildPhase section */
		B7B20F311E1637EE0030AE6E /* Sources */ = {
			isa = PBXSourcesBuildPhase;
			buildActionMask = 2147483647;
			files = (
				B7B20F3B1E1637EE0030AE6E /* ViewController.swift in Sources */,
				B7B20F391E1637EE0030AE6E /* AppDelegate.swift in Sources */,
			);
			runOnlyForDeploymentPostprocessing = 0;
		};
		B7B20F451E1637EE0030AE6E /* Sources */ = {
			isa = PBXSourcesBuildPhase;
			buildActionMask = 2147483647;
			files = (
				B7B20F4E1E1637EE0030AE6E /* tippyTests.swift in Sources */,
			);
			runOnlyForDeploymentPostprocessing = 0;
		};
		B7B20F501E1637EE0030AE6E /* Sources */ = {
			isa = PBXSourcesBuildPhase;
			buildActionMask = 2147483647;
			files = (
				B7B20F591E1637EE0030AE6E /* tippyUITests.swift in Sources */,
			);
			runOnlyForDeploymentPostprocessing = 0;
		};
/* End PBXSourcesBuildPhase section */

/* Begin PBXTargetDependency section */
		B7B20F4B1E1637EE0030AE6E /* PBXTargetDependency */ = {
			isa = PBXTargetDependency;
			target = B7B20F341E1637EE0030AE6E /* tippy */;
			targetProxy = B7B20F4A1E1637EE0030AE6E /* PBXContainerItemProxy */;
		};
		B7B20F561E1637EE0030AE6E /* PBXTargetDependency */ = {
			isa = PBXTargetDependency;
			target = B7B20F341E1637EE0030AE6E /* tippy */;
			targetProxy = B7B20F551E1637EE0030AE6E /* PBXContainerItemProxy */;
		};
/* End PBXTargetDependency section */

/* Begin PBXVariantGroup section */
		B7B20F3C1E1637EE0030AE6E /* Main.storyboard */ = {
			isa = PBXVariantGroup;
			children = (
				B7B20F3D1E1637EE0030AE6E /* Base */,
			);
			name = Main.storyboard;
			sourceTree = "<group>";
		};
		B7B20F411E1637EE0030AE6E /* LaunchScreen.storyboard */ = {
			isa = PBXVariantGroup;
			children = (
				B7B20F421E1637EE0030AE6E /* Base */,
			);
			name = LaunchScreen.storyboard;
			sourceTree = "<group>";
		};
/* End PBXVariantGroup section */

/* Begin XCBuildConfiguration section */
		B7B20F5B1E1637EE0030AE6E /* Debug */ = {
			isa = XCBuildConfiguration;
			buildSettings = {
				ALWAYS_SEARCH_USER_PATHS = NO;
				CLANG_ANALYZER_NONNULL = YES;
				CLANG_CXX_LANGUAGE_STANDARD = "gnu++0x";
				CLANG_CXX_LIBRARY = "libc++";
				CLANG_ENABLE_MODULES = YES;
				CLANG_ENABLE_OBJC_ARC = YES;
				CLANG_WARN_BOOL_CONVERSION = YES;
				CLANG_WARN_CONSTANT_CONVERSION = YES;
				CLANG_WARN_DIRECT_OBJC_ISA_USAGE = YES_ERROR;
				CLANG_WARN_EMPTY_BODY = YES;
				CLANG_WARN_ENUM_CONVERSION = YES;
				CLANG_WARN_INT_CONVERSION = YES;
				CLANG_WARN_OBJC_ROOT_CLASS = YES_ERROR;
				CLANG_WARN_UNREACHABLE_CODE = YES;
				CLANG_WARN__DUPLICATE_METHOD_MATCH = YES;
				"CODE_SIGN_IDENTITY[sdk=iphoneos*]" = "iPhone Developer";
				COPY_PHASE_STRIP = NO;
				DEBUG_INFORMATION_FORMAT = dwarf;
				ENABLE_STRICT_OBJC_MSGSEND = YES;
				ENABLE_TESTABILITY = YES;
				GCC_C_LANGUAGE_STANDARD = gnu99;
				GCC_DYNAMIC_NO_PIC = NO;
				GCC_NO_COMMON_BLOCKS = YES;
				GCC_OPTIMIZATION_LEVEL = 0;
				GCC_PREPROCESSOR_DEFINITIONS = (
					"DEBUG=1",
					"$(inherited)",
				);
				GCC_WARN_64_TO_32_BIT_CONVERSION = YES;
				GCC_WARN_ABOUT_RETURN_TYPE = YES_ERROR;
				GCC_WARN_UNDECLARED_SELECTOR = YES;
				GCC_WARN_UNINITIALIZED_AUTOS = YES_AGGRESSIVE;
				GCC_WARN_UNUSED_FUNCTION = YES;
				GCC_WARN_UNUSED_VARIABLE = YES;
				IPHONEOS_DEPLOYMENT_TARGET = 9.3;
				MTL_ENABLE_DEBUG_INFO = YES;
				ONLY_ACTIVE_ARCH = YES;
				SDKROOT = iphoneos;
				SWIFT_OPTIMIZATION_LEVEL = "-Onone";
			};
			name = Debug;
		};
		B7B20F5C1E1637EE0030AE6E /* Release */ = {
			isa = XCBuildConfiguration;
			buildSettings = {
				ALWAYS_SEARCH_USER_PATHS = NO;
				CLANG_ANALYZER_NONNULL = YES;
				CLANG_CXX_LANGUAGE_STANDARD = "gnu++0x";
				CLANG_CXX_LIBRARY = "libc++";
				CLANG_ENABLE_MODULES = YES;
				CLANG_ENABLE_OBJC_ARC = YES;
				CLANG_WARN_BOOL_CONVERSION = YES;
				CLANG_WARN_CONSTANT_CONVERSION = YES;
				CLANG_WARN_DIRECT_OBJC_ISA_USAGE = YES_ERROR;
				CLANG_WARN_EMPTY_BODY = YES;
				CLANG_WARN_ENUM_CONVERSION = YES;
				CLANG_WARN_INT_CONVERSION = YES;
				CLANG_WARN_OBJC_ROOT_CLASS = YES_ERROR;
				CLANG_WARN_UNREACHABLE_CODE = YES;
				CLANG_WARN__DUPLICATE_METHOD_MATCH = YES;
				"CODE_SIGN_IDENTITY[sdk=iphoneos*]" = "iPhone Developer";
				COPY_PHASE_STRIP = NO;
				DEBUG_INFORMATION_FORMAT = "dwarf-with-dsym";
				ENABLE_NS_ASSERTIONS = NO;
				ENABLE_STRICT_OBJC_MSGSEND = YES;
				GCC_C_LANGUAGE_STANDARD = gnu99;
				GCC_NO_COMMON_BLOCKS = YES;
				GCC_WARN_64_TO_32_BIT_CONVERSION = YES;
				GCC_WARN_ABOUT_RETURN_TYPE = YES_ERROR;
				GCC_WARN_UNDECLARED_SELECTOR = YES;
				GCC_WARN_UNINITIALIZED_AUTOS = YES_AGGRESSIVE;
				GCC_WARN_UNUSED_FUNCTION = YES;
				GCC_WARN_UNUSED_VARIABLE = YES;
				IPHONEOS_DEPLOYMENT_TARGET = 9.3;
				MTL_ENABLE_DEBUG_INFO = NO;
				SDKROOT = iphoneos;
				VALIDATE_PRODUCT = YES;
			};
			name = Release;
		};
		B7B20F5E1E1637EE0030AE6E /* Debug */ = {
			isa = XCBuildConfiguration;
			buildSettings = {
				ASSETCATALOG_COMPILER_APPICON_NAME = AppIcon;
				INFOPLIST_FILE = tippy/Info.plist;
				LD_RUNPATH_SEARCH_PATHS = "$(inherited) @executable_path/Frameworks";
				PRODUCT_BUNDLE_IDENTIFIER = com.Edison.tippy;
				PRODUCT_NAME = "$(TARGET_NAME)";
			};
			name = Debug;
		};
		B7B20F5F1E1637EE0030AE6E /* Release */ = {
			isa = XCBuildConfiguration;
			buildSettings = {
				ASSETCATALOG_COMPILER_APPICON_NAME = AppIcon;
				INFOPLIST_FILE = tippy/Info.plist;
				LD_RUNPATH_SEARCH_PATHS = "$(inherited) @executable_path/Frameworks";
				PRODUCT_BUNDLE_IDENTIFIER = com.Edison.tippy;
				PRODUCT_NAME = "$(TARGET_NAME)";
			};
			name = Release;
		};
		B7B20F611E1637EE0030AE6E /* Debug */ = {
			isa = XCBuildConfiguration;
			buildSettings = {
				BUNDLE_LOADER = "$(TEST_HOST)";
				INFOPLIST_FILE = tippyTests/Info.plist;
				LD_RUNPATH_SEARCH_PATHS = "$(inherited) @executable_path/Frameworks @loader_path/Frameworks";
				PRODUCT_BUNDLE_IDENTIFIER = com.Edison.tippyTests;
				PRODUCT_NAME = "$(TARGET_NAME)";
				TEST_HOST = "$(BUILT_PRODUCTS_DIR)/tippy.app/tippy";
			};
			name = Debug;
		};
		B7B20F621E1637EE0030AE6E /* Release */ = {
			isa = XCBuildConfiguration;
			buildSettings = {
				BUNDLE_LOADER = "$(TEST_HOST)";
				INFOPLIST_FILE = tippyTests/Info.plist;
				LD_RUNPATH_SEARCH_PATHS = "$(inherited) @executable_path/Frameworks @loader_path/Frameworks";
				PRODUCT_BUNDLE_IDENTIFIER = com.Edison.tippyTests;
				PRODUCT_NAME = "$(TARGET_NAME)";
				TEST_HOST = "$(BUILT_PRODUCTS_DIR)/tippy.app/tippy";
			};
			name = Release;
		};
		B7B20F641E1637EE0030AE6E /* Debug */ = {
			isa = XCBuildConfiguration;
			buildSettings = {
				INFOPLIST_FILE = tippyUITests/Info.plist;
				LD_RUNPATH_SEARCH_PATHS = "$(inherited) @executable_path/Frameworks @loader_path/Frameworks";
				PRODUCT_BUNDLE_IDENTIFIER = com.Edison.tippyUITests;
				PRODUCT_NAME = "$(TARGET_NAME)";
				TEST_TARGET_NAME = tippy;
			};
			name = Debug;
		};
		B7B20F651E1637EE0030AE6E /* Release */ = {
			isa = XCBuildConfiguration;
			buildSettings = {
				INFOPLIST_FILE = tippyUITests/Info.plist;
				LD_RUNPATH_SEARCH_PATHS = "$(inherited) @executable_path/Frameworks @loader_path/Frameworks";
				PRODUCT_BUNDLE_IDENTIFIER = com.Edison.tippyUITests;
				PRODUCT_NAME = "$(TARGET_NAME)";
				TEST_TARGET_NAME = tippy;
			};
			name = Release;
		};
/* End XCBuildConfiguration section */

/* Begin XCConfigurationList section */
		B7B20F301E1637EE0030AE6E /* Build configuration list for PBXProject "tippy" */ = {
			isa = XCConfigurationList;
			buildConfigurations = (
				B7B20F5B1E1637EE0030AE6E /* Debug */,
				B7B20F5C1E1637EE0030AE6E /* Release */,
			);
			defaultConfigurationIsVisible = 0;
			defaultConfigurationName = Release;
		};
		B7B20F5D1E1637EE0030AE6E /* Build configuration list for PBXNativeTarget "tippy" */ = {
			isa = XCConfigurationList;
			buildConfigurations = (
				B7B20F5E1E1637EE0030AE6E /* Debug */,
				B7B20F5F1E1637EE0030AE6E /* Release */,
			);
			defaultConfigurationIsVisible = 0;
		};
		B7B20F601E1637EE0030AE6E /* Build configuration list for PBXNativeTarget "tippyTests" */ = {
			isa = XCConfigurationList;
			buildConfigurations = (
				B7B20F611E1637EE0030AE6E /* Debug */,
				B7B20F621E1637EE0030AE6E /* Release */,
			);
			defaultConfigurationIsVisible = 0;
		};
		B7B20F631E1637EE0030AE6E /* Build configuration list for PBXNativeTarget "tippyUITests" */ = {
			isa = XCConfigurationList;
			buildConfigurations = (
				B7B20F641E1637EE0030AE6E /* Debug */,
				B7B20F651E1637EE0030AE6E /* Release */,
			);
			defaultConfigurationIsVisible = 0;
		};
/* End XCConfigurationList section */
	};
	rootObject = B7B20F2D1E1637EE0030AE6E /* Project object */;
}
